// !$*UTF8*$!
{
	archiveVersion = 1;
	classes = {
	};
	objectVersion = 46;
	objects = {

/* Begin PBXBuildFile section */
		367538A91B63D4FE0036A01F /* main.cpp in Sources */ = {isa = PBXBuildFile; fileRef = 367538A81B63D4FE0036A01F /* main.cpp */; };
		367538B71B63D6E90036A01F /* analitza.cpp in Sources */ = {isa = PBXBuildFile; fileRef = 367538B51B63D6E90036A01F /* analitza.cpp */; };
		367538B91B63D7330036A01F /* libgtest.a in Frameworks */ = {isa = PBXBuildFile; fileRef = 367538B81B63D7330036A01F /* libgtest.a */; };
/* End PBXBuildFile section */

/* Begin PBXCopyFilesBuildPhase section */
		367538A31B63D4FE0036A01F /* CopyFiles */ = {
			isa = PBXCopyFilesBuildPhase;
			buildActionMask = 2147483647;
			dstPath = /usr/share/man/man1/;
			dstSubfolderSpec = 0;
			files = (
			);
			runOnlyForDeploymentPostprocessing = 1;
		};
/* End PBXCopyFilesBuildPhase section */

/* Begin PBXFileReference section */
		367538A51B63D4FE0036A01F /* utestanalitza */ = {isa = PBXFileReference; explicitFileType = "compiled.mach-o.executable"; includeInIndex = 0; path = utestanalitza; sourceTree = BUILT_PRODUCTS_DIR; };
		367538A81B63D4FE0036A01F /* main.cpp */ = {isa = PBXFileReference; lastKnownFileType = sourcecode.cpp.cpp; path = main.cpp; sourceTree = "<group>"; };
		367538B51B63D6E90036A01F /* analitza.cpp */ = {isa = PBXFileReference; fileEncoding = 4; lastKnownFileType = sourcecode.cpp.cpp; name = analitza.cpp; path = ../../analitza/analitza.cpp; sourceTree = "<group>"; };
		367538B61B63D6E90036A01F /* analitza.h */ = {isa = PBXFileReference; fileEncoding = 4; lastKnownFileType = sourcecode.c.h; name = analitza.h; path = ../../analitza/analitza.h; sourceTree = "<group>"; };
		367538B81B63D7330036A01F /* libgtest.a */ = {isa = PBXFileReference; lastKnownFileType = archive.ar; name = libgtest.a; path = "../../../../../../Downloads/gtest-1.7.0/lib/libgtest.a"; sourceTree = "<group>"; };
/* End PBXFileReference section */

/* Begin PBXFrameworksBuildPhase section */
		367538A21B63D4FE0036A01F /* Frameworks */ = {
			isa = PBXFrameworksBuildPhase;
			buildActionMask = 2147483647;
			files = (
				367538B91B63D7330036A01F /* libgtest.a in Frameworks */,
			);
			runOnlyForDeploymentPostprocessing = 0;
		};
/* End PBXFrameworksBuildPhase section */

/* Begin PBXGroup section */
		3675389C1B63D4FE0036A01F = {
			isa = PBXGroup;
			children = (
				367538B81B63D7330036A01F /* libgtest.a */,
				367538A71B63D4FE0036A01F /* utestanalitza */,
				367538A61B63D4FE0036A01F /* Products */,
			);
			sourceTree = "<group>";
		};
		367538A61B63D4FE0036A01F /* Products */ = {
			isa = PBXGroup;
			children = (
				367538A51B63D4FE0036A01F /* utestanalitza */,
			);
			name = Products;
			sourceTree = "<group>";
		};
		367538A71B63D4FE0036A01F /* utestanalitza */ = {
			isa = PBXGroup;
			children = (
				367538B51B63D6E90036A01F /* analitza.cpp */,
				367538B61B63D6E90036A01F /* analitza.h */,
				367538A81B63D4FE0036A01F /* main.cpp */,
			);
			path = utestanalitza;
			sourceTree = "<group>";
		};
/* End PBXGroup section */

/* Begin PBXNativeTarget section */
		367538A41B63D4FE0036A01F /* utestanalitza */ = {
			isa = PBXNativeTarget;
			buildConfigurationList = 367538AC1B63D4FE0036A01F /* Build configuration list for PBXNativeTarget "utestanalitza" */;
			buildPhases = (
				367538A11B63D4FE0036A01F /* Sources */,
				367538A21B63D4FE0036A01F /* Frameworks */,
				367538A31B63D4FE0036A01F /* CopyFiles */,
			);
			buildRules = (
			);
			dependencies = (
			);
			name = utestanalitza;
			productName = utestanalitza;
			productReference = 367538A51B63D4FE0036A01F /* utestanalitza */;
			productType = "com.apple.product-type.tool";
		};
/* End PBXNativeTarget section */

/* Begin PBXProject section */
		3675389D1B63D4FE0036A01F /* Project object */ = {
			isa = PBXProject;
			attributes = {
				LastUpgradeCheck = 0630;
				ORGANIZATIONNAME = "Oscar Raig Colon";
				TargetAttributes = {
					367538A41B63D4FE0036A01F = {
						CreatedOnToolsVersion = 6.3.2;
					};
				};
			};
			buildConfigurationList = 367538A01B63D4FE0036A01F /* Build configuration list for PBXProject "utestanalitza" */;
			compatibilityVersion = "Xcode 3.2";
			developmentRegion = English;
			hasScannedForEncodings = 0;
			knownRegions = (
				en,
			);
			mainGroup = 3675389C1B63D4FE0036A01F;
			productRefGroup = 367538A61B63D4FE0036A01F /* Products */;
			projectDirPath = "";
			projectRoot = "";
			targets = (
				367538A41B63D4FE0036A01F /* utestanalitza */,
			);
		};
/* End PBXProject section */

/* Begin PBXSourcesBuildPhase section */
		367538A11B63D4FE0036A01F /* Sources */ = {
			isa = PBXSourcesBuildPhase;
			buildActionMask = 2147483647;
			files = (
				367538A91B63D4FE0036A01F /* main.cpp in Sources */,
				367538B71B63D6E90036A01F /* analitza.cpp in Sources */,
			);
			runOnlyForDeploymentPostprocessing = 0;
		};
/* End PBXSourcesBuildPhase section */

/* Begin XCBuildConfiguration section */
		367538AA1B63D4FE0036A01F /* Debug */ = {
			isa = XCBuildConfiguration;
			buildSettings = {
				ALWAYS_SEARCH_USER_PATHS = NO;
				CLANG_CXX_LANGUAGE_STANDARD = "gnu++0x";
				CLANG_CXX_LIBRARY = "libc++";
				CLANG_ENABLE_MODULES = YES;
				CLANG_ENABLE_OBJC_ARC = YES;
				CLANG_WARN_BOOL_CONVERSION = YES;
				CLANG_WARN_CONSTANT_CONVERSION = YES;
				CLANG_WARN_DIRECT_OBJC_ISA_USAGE = YES_ERROR;
				CLANG_WARN_EMPTY_BODY = YES;
				CLANG_WARN_ENUM_CONVERSION = YES;
				CLANG_WARN_INT_CONVERSION = YES;
				CLANG_WARN_OBJC_ROOT_CLASS = YES_ERROR;
				CLANG_WARN_UNREACHABLE_CODE = YES;
				CLANG_WARN__DUPLICATE_METHOD_MATCH = YES;
				COPY_PHASE_STRIP = NO;
				DEBUG_INFORMATION_FORMAT = dwarf;
				ENABLE_STRICT_OBJC_MSGSEND = YES;
				GCC_C_LANGUAGE_STANDARD = gnu99;
				GCC_DYNAMIC_NO_PIC = NO;
				GCC_NO_COMMON_BLOCKS = YES;
				GCC_OPTIMIZATION_LEVEL = 0;
				GCC_PREPROCESSOR_DEFINITIONS = (
					"DEBUG=1",
					"$(inherited)",
				);
				GCC_SYMBOLS_PRIVATE_EXTERN = NO;
				GCC_WARN_64_TO_32_BIT_CONVERSION = YES;
				GCC_WARN_ABOUT_RETURN_TYPE = YES_ERROR;
				GCC_WARN_UNDECLARED_SELECTOR = YES;
				GCC_WARN_UNINITIALIZED_AUTOS = YES_AGGRESSIVE;
				GCC_WARN_UNUSED_FUNCTION = YES;
				GCC_WARN_UNUSED_VARIABLE = YES;
				MACOSX_DEPLOYMENT_TARGET = 10.10;
				MTL_ENABLE_DEBUG_INFO = YES;
				ONLY_ACTIVE_ARCH = YES;
				SDKROOT = macosx;
			};
			name = Debug;
		};
		367538AB1B63D4FE0036A01F /* Release */ = {
			isa = XCBuildConfiguration;
			buildSettings = {
				ALWAYS_SEARCH_USER_PATHS = NO;
				CLANG_CXX_LANGUAGE_STANDARD = "gnu++0x";
				CLANG_CXX_LIBRARY = "libc++";
				CLANG_ENABLE_MODULES = YES;
				CLANG_ENABLE_OBJC_ARC = YES;
				CLANG_WARN_BOOL_CONVERSION = YES;
				CLANG_WARN_CONSTANT_CONVERSION = YES;
				CLANG_WARN_DIRECT_OBJC_ISA_USAGE = YES_ERROR;
				CLANG_WARN_EMPTY_BODY = YES;
				CLANG_WARN_ENUM_CONVERSION = YES;
				CLANG_WARN_INT_CONVERSION = YES;
				CLANG_WARN_OBJC_ROOT_CLASS = YES_ERROR;
				CLANG_WARN_UNREACHABLE_CODE = YES;
				CLANG_WARN__DUPLICATE_METHOD_MATCH = YES;
				COPY_PHASE_STRIP = NO;
				DEBUG_INFORMATION_FORMAT = "dwarf-with-dsym";
				ENABLE_NS_ASSERTIONS = NO;
				ENABLE_STRICT_OBJC_MSGSEND = YES;
				GCC_C_LANGUAGE_STANDARD = gnu99;
				GCC_NO_COMMON_BLOCKS = YES;
				GCC_WARN_64_TO_32_BIT_CONVERSION = YES;
				GCC_WARN_ABOUT_RETURN_TYPE = YES_ERROR;
				GCC_WARN_UNDECLARED_SELECTOR = YES;
				GCC_WARN_UNINITIALIZED_AUTOS = YES_AGGRESSIVE;
				GCC_WARN_UNUSED_FUNCTION = YES;
				GCC_WARN_UNUSED_VARIABLE = YES;
				MACOSX_DEPLOYMENT_TARGET = 10.10;
				MTL_ENABLE_DEBUG_INFO = NO;
				SDKROOT = macosx;
			};
			name = Release;
		};
		367538AD1B63D4FE0036A01F /* Debug */ = {
			isa = XCBuildConfiguration;
			buildSettings = {
				LIBRARY_SEARCH_PATHS = (
					"$(inherited)",
					"/Users/oscarraigcolon/Downloads/gtest-1.7.0/lib",
				);
				OTHER_CPLUSPLUSFLAGS = (
					"-I",
					/usr/include,
				);
				"OTHER_CPLUSPLUSFLAGS[arch=x86_64]" = (
					"$(OTHER_CFLAGS)",
					"-I",
					/usr/include,
				);
				PRODUCT_NAME = "$(TARGET_NAME)";
			};
			name = Debug;
		};
		367538AE1B63D4FE0036A01F /* Release */ = {
			isa = XCBuildConfiguration;
			buildSettings = {
				LIBRARY_SEARCH_PATHS = (
					"$(inherited)",
					"/Users/oscarraigcolon/Downloads/gtest-1.7.0/lib",
				);
				OTHER_CPLUSPLUSFLAGS = (
					"-I",
					/usr/include,
				);
				"OTHER_CPLUSPLUSFLAGS[arch=*]" = "$(OTHER_CFLAGS)";
				PRODUCT_NAME = "$(TARGET_NAME)";
			};
			name = Release;
		};
/* End XCBuildConfiguration section */

/* Begin XCConfigurationList section */
		367538A01B63D4FE0036A01F /* Build configuration list for PBXProject "utestanalitza" */ = {
			isa = XCConfigurationList;
			buildConfigurations = (
				367538AA1B63D4FE0036A01F /* Debug */,
				367538AB1B63D4FE0036A01F /* Release */,
			);
			defaultConfigurationIsVisible = 0;
			defaultConfigurationName = Release;
		};
		367538AC1B63D4FE0036A01F /* Build configuration list for PBXNativeTarget "utestanalitza" */ = {
			isa = XCConfigurationList;
			buildConfigurations = (
				367538AD1B63D4FE0036A01F /* Debug */,
				367538AE1B63D4FE0036A01F /* Release */,
			);
			defaultConfigurationIsVisible = 0;
		};
/* End XCConfigurationList section */
	};
	rootObject = 3675389D1B63D4FE0036A01F /* Project object */;
}
